{
  "name": "forever-arena",
  "version": "1.0.0",
  "lockfileVersion": 2,
  "requires": true,
  "packages": {
    "": {
      "name": "forever-arena",
      "version": "1.0.0",
      "license": "ISC",
      "dependencies": {
        "fantasy-name-generator": "^2.0.0",
        "probability-node": "^0.0.1",
        "random-text-generator": "^3.2.1",
        "unique-names-generator": "^4.7.1"
      },
      "devDependencies": {
        "typescript": "^4.8.4"
      }
    },
    "node_modules/commander": {
      "version": "2.20.3",
      "resolved": "https://registry.npmjs.org/commander/-/commander-2.20.3.tgz",
      "integrity": "sha512-GpVkmM8vF2vQUkj2LvZmD35JxeJOLCwJ9cUkugyk2nuhbv3+mJvpLYYt+0+USMxE+oj+ey/lJEnhZw75x/OMcQ=="
    },
    "node_modules/fantasy-name-generator": {
      "version": "2.0.0",
      "resolved": "https://registry.npmjs.org/fantasy-name-generator/-/fantasy-name-generator-2.0.0.tgz",
      "integrity": "sha512-95FQrS7ZoB5cQEmSr9C1wViw5cueQU2+8OgO+4hmULVwXIrYDeC2jn+VHV5CDxv+tPtXfngfRVw/wC0uHYbcmw==",
      "dependencies": {
        "commander": "^2.20.0",
        "lodash.capitalize": "^4.2.1",
        "lodash.endswith": "^4.2.1",
        "lodash.sample": "^4.2.1",
        "lodash.startcase": "^4.4.0"
      },
      "bin": {
        "fantasy-name-generator": "index.js"
      }
    },
    "node_modules/lodash.capitalize": {
      "version": "4.2.1",
      "resolved": "https://registry.npmjs.org/lodash.capitalize/-/lodash.capitalize-4.2.1.tgz",
      "integrity": "sha512-kZzYOKspf8XVX5AvmQF94gQW0lejFVgb80G85bU4ZWzoJ6C03PQg3coYAUpSTpQWelrZELd3XWgHzw4Ck5kaIw=="
    },
    "node_modules/lodash.endswith": {
      "version": "4.2.1",
      "resolved": "https://registry.npmjs.org/lodash.endswith/-/lodash.endswith-4.2.1.tgz",
      "integrity": "sha512-pegckn1D2ohyUKt7OHrp7GpJVNnndjE+FpzULQ0pjQvbjdktdWGmKVth5wdSYWHzQSZA7OSGbIo0/AuwTeX1pA=="
    },
    "node_modules/lodash.sample": {
      "version": "4.2.1",
      "resolved": "https://registry.npmjs.org/lodash.sample/-/lodash.sample-4.2.1.tgz",
      "integrity": "sha512-odCZufa8jYDBZQ+JOSePWRs+iApPdvIp3qAiKc9F22RdSCMLuUu60Jvgs2M6qMisKAeBZoumAkqDiGr9HDym/Q=="
    },
    "node_modules/lodash.startcase": {
      "version": "4.4.0",
      "resolved": "https://registry.npmjs.org/lodash.startcase/-/lodash.startcase-4.4.0.tgz",
      "integrity": "sha512-+WKqsK294HMSc2jEbNgpHpd0JfIBhp7rEV4aqXWqFr6AlXov+SlcgB1Fv01y2kGe3Gc8nMW7VA0SrGuSkRfIEg=="
    },
    "node_modules/probability-node": {
      "version": "0.0.1",
      "resolved": "https://registry.npmjs.org/probability-node/-/probability-node-0.0.1.tgz",
      "integrity": "sha512-nAnp5PEzBY/3Bg+GuA1gdCiGrC8cAcohmmng/2pn6/X9rEhoCW0Hk3MtQEwW3AS/ZbNt1FizOZR3WldHrFLbDQ=="
    },
    "node_modules/random-text-generator": {
      "version": "3.2.1",
      "resolved": "https://registry.npmjs.org/random-text-generator/-/random-text-generator-3.2.1.tgz",
      "integrity": "sha512-UcmFW+sIXzEbqhgtmlg5B6S/mSV1qZjz9e87KT0CZ9lfhcfBN/ToOjnUsfVKMKfWS+Dfp6x+yQJImVRIEqaYZA=="
    },
    "node_modules/typescript": {
      "version": "4.8.4",
      "resolved": "https://registry.npmjs.org/typescript/-/typescript-4.8.4.tgz",
      "integrity": "sha512-QCh+85mCy+h0IGff8r5XWzOVSbBO+KfeYrMQh7NJ58QujwcE22u+NUSmUxqF+un70P9GXKxa2HCNiTTMJknyjQ==",
      "dev": true,
      "bin": {
        "tsc": "bin/tsc",
        "tsserver": "bin/tsserver"
      },
      "engines": {
        "node": ">=4.2.0"
      }
    },
    "node_modules/unique-names-generator": {
      "version": "4.7.1",
      "resolved": "https://registry.npmjs.org/unique-names-generator/-/unique-names-generator-4.7.1.tgz",
      "integrity": "sha512-lMx9dX+KRmG8sq6gulYYpKWZc9RlGsgBR6aoO8Qsm3qvkSJ+3rAymr+TnV8EDMrIrwuFJ4kruzMWM/OpYzPoow==",
      "engines": {
        "node": ">=8"
      }
    }
  },
  "dependencies": {
    "commander": {
      "version": "2.20.3",
      "resolved": "https://registry.npmjs.org/commander/-/commander-2.20.3.tgz",
      "integrity": "sha512-GpVkmM8vF2vQUkj2LvZmD35JxeJOLCwJ9cUkugyk2nuhbv3+mJvpLYYt+0+USMxE+oj+ey/lJEnhZw75x/OMcQ=="
    },
    "fantasy-name-generator": {
      "version": "2.0.0",
      "resolved": "https://registry.npmjs.org/fantasy-name-generator/-/fantasy-name-generator-2.0.0.tgz",
      "integrity": "sha512-95FQrS7ZoB5cQEmSr9C1wViw5cueQU2+8OgO+4hmULVwXIrYDeC2jn+VHV5CDxv+tPtXfngfRVw/wC0uHYbcmw==",
      "requires": {
        "commander": "^2.20.0",
        "lodash.capitalize": "^4.2.1",
        "lodash.endswith": "^4.2.1",
        "lodash.sample": "^4.2.1",
        "lodash.startcase": "^4.4.0"
      }
    },
    "lodash.capitalize": {
      "version": "4.2.1",
      "resolved": "https://registry.npmjs.org/lodash.capitalize/-/lodash.capitalize-4.2.1.tgz",
      "integrity": "sha512-kZzYOKspf8XVX5AvmQF94gQW0lejFVgb80G85bU4ZWzoJ6C03PQg3coYAUpSTpQWelrZELd3XWgHzw4Ck5kaIw=="
    },
    "lodash.endswith": {
      "version": "4.2.1",
      "resolved": "https://registry.npmjs.org/lodash.endswith/-/lodash.endswith-4.2.1.tgz",
      "integrity": "sha512-pegckn1D2ohyUKt7OHrp7GpJVNnndjE+FpzULQ0pjQvbjdktdWGmKVth5wdSYWHzQSZA7OSGbIo0/AuwTeX1pA=="
    },
    "lodash.sample": {
      "version": "4.2.1",
      "resolved": "https://registry.npmjs.org/lodash.sample/-/lodash.sample-4.2.1.tgz",
      "integrity": "sha512-odCZufa8jYDBZQ+JOSePWRs+iApPdvIp3qAiKc9F22RdSCMLuUu60Jvgs2M6qMisKAeBZoumAkqDiGr9HDym/Q=="
    },
    "lodash.startcase": {
      "version": "4.4.0",
      "resolved": "https://registry.npmjs.org/lodash.startcase/-/lodash.startcase-4.4.0.tgz",
      "integrity": "sha512-+WKqsK294HMSc2jEbNgpHpd0JfIBhp7rEV4aqXWqFr6AlXov+SlcgB1Fv01y2kGe3Gc8nMW7VA0SrGuSkRfIEg=="
    },
    "probability-node": {
      "version": "0.0.1",
      "resolved": "https://registry.npmjs.org/probability-node/-/probability-node-0.0.1.tgz",
      "integrity": "sha512-nAnp5PEzBY/3Bg+GuA1gdCiGrC8cAcohmmng/2pn6/X9rEhoCW0Hk3MtQEwW3AS/ZbNt1FizOZR3WldHrFLbDQ=="
    },
    "random-text-generator": {
      "version": "3.2.1",
      "resolved": "https://registry.npmjs.org/random-text-generator/-/random-text-generator-3.2.1.tgz",
      "integrity": "sha512-UcmFW+sIXzEbqhgtmlg5B6S/mSV1qZjz9e87KT0CZ9lfhcfBN/ToOjnUsfVKMKfWS+Dfp6x+yQJImVRIEqaYZA=="
    },
    "typescript": {
      "version": "4.8.4",
      "resolved": "https://registry.npmjs.org/typescript/-/typescript-4.8.4.tgz",
      "integrity": "sha512-QCh+85mCy+h0IGff8r5XWzOVSbBO+KfeYrMQh7NJ58QujwcE22u+NUSmUxqF+un70P9GXKxa2HCNiTTMJknyjQ==",
      "dev": true
    },
    "unique-names-generator": {
      "version": "4.7.1",
      "resolved": "https://registry.npmjs.org/unique-names-generator/-/unique-names-generator-4.7.1.tgz",
      "integrity": "sha512-lMx9dX+KRmG8sq6gulYYpKWZc9RlGsgBR6aoO8Qsm3qvkSJ+3rAymr+TnV8EDMrIrwuFJ4kruzMWM/OpYzPoow=="
    }
  }
}
